
Microsoft Visual Studio Solution File, Format Version 12.00
# Visual Studio 2013
VisualStudioVersion = 12.0.40629.0
MinimumVisualStudioVersion = 10.0.40219.1
Project("{FAE04EC0-301F-11D3-BF4B-00C04F79EFBC}") = "PST.Data", "PST.Data\PST.Data.csproj", "{821C6172-D20C-4A98-8DE7-FCBC392FC107}"
EndProject
Project("{2150E333-8FDC-42A3-9474-1A3956D46DE8}") = "Solution Items", "Solution Items", "{FA106544-4562-4FAD-954A-B1E6457F2E0C}"
	ProjectSection(SolutionItems) = preProject
		Infrastructure.csp = Infrastructure.csp
		SharedAssemblyInfo.cs = SharedAssemblyInfo.cs
	EndProjectSection
EndProject
Project("{FAE04EC0-301F-11D3-BF4B-00C04F79EFBC}") = "PST.Domain", "PST.Domain\PST.Domain.csproj", "{DD765E4A-4230-44CA-ADB4-E8A49E253747}"
EndProject
Project("{FAE04EC0-301F-11D3-BF4B-00C04F79EFBC}") = "PST.Business", "PST.Business\PST.Business.csproj", "{8050EDCE-28B9-419F-A045-C88CFD386923}"
EndProject
Project("{2150E333-8FDC-42A3-9474-1A3956D46DE8}") = "ExternalDlls", "ExternalDlls", "{C7DD581E-A989-4A02-8311-B767EB69E3B7}"
	ProjectSection(SolutionItems) = preProject
		..\..\ExternalDlls\Zeexone.Framework.Core.dll = ..\..\ExternalDlls\Zeexone.Framework.Core.dll
		..\..\ExternalDlls\Zeexone.Framework.Windows.dll = ..\..\ExternalDlls\Zeexone.Framework.Windows.dll
	EndProjectSection
EndProject
Project("{FAE04EC0-301F-11D3-BF4B-00C04F79EFBC}") = "PST.UI", "PST.UI\PST.UI.csproj", "{1A6266D5-6676-4743-B51F-D02608FA03FF}"
	ProjectSection(ProjectDependencies) = postProject
		{318B2D24-4CD7-4C3C-A780-14DDC0D72BCD} = {318B2D24-4CD7-4C3C-A780-14DDC0D72BCD}
	EndProjectSection
EndProject
Project("{FAE04EC0-301F-11D3-BF4B-00C04F79EFBC}") = "PST.Plugins.WDSDispatcher", "PST.Plugins.WDSDispatcher\PST.Plugins.WDSDispatcher.csproj", "{318B2D24-4CD7-4C3C-A780-14DDC0D72BCD}"
EndProject
Project("{2150E333-8FDC-42A3-9474-1A3956D46DE8}") = "Presentation", "Presentation", "{3177079C-7099-47C4-9E8F-41A837112C10}"
EndProject
Project("{2150E333-8FDC-42A3-9474-1A3956D46DE8}") = "BusinessLogic", "BusinessLogic", "{934C7599-FCF6-45FD-830E-18A20BE527A5}"
EndProject
Project("{2150E333-8FDC-42A3-9474-1A3956D46DE8}") = "Infrastructure", "Infrastructure", "{27D14D8B-78FD-4F9C-844E-69F4984D4B23}"
EndProject
Project("{FAE04EC0-301F-11D3-BF4B-00C04F79EFBC}") = "PST.UI.Common", "PST.UI.Common\PST.UI.Common.csproj", "{61B017F5-E68C-4DB6-B072-79A7D099A956}"
EndProject
Project("{2150E333-8FDC-42A3-9474-1A3956D46DE8}") = "ApplicationService", "ApplicationService", "{16C9306E-BD1D-4B81-B767-9EBF825A6C55}"
EndProject
Project("{FAE04EC0-301F-11D3-BF4B-00C04F79EFBC}") = "PST.Service", "PST.Service\PST.Service.csproj", "{31AAEF8B-F9A0-4034-B776-A3F3DD39800C}"
EndProject
Global
	GlobalSection(SolutionConfigurationPlatforms) = preSolution
		Debug|Any CPU = Debug|Any CPU
		Release|Any CPU = Release|Any CPU
	EndGlobalSection
	GlobalSection(ProjectConfigurationPlatforms) = postSolution
		{821C6172-D20C-4A98-8DE7-FCBC392FC107}.Debug|Any CPU.ActiveCfg = Debug|Any CPU
		{821C6172-D20C-4A98-8DE7-FCBC392FC107}.Debug|Any CPU.Build.0 = Debug|Any CPU
		{821C6172-D20C-4A98-8DE7-FCBC392FC107}.Release|Any CPU.ActiveCfg = Release|Any CPU
		{821C6172-D20C-4A98-8DE7-FCBC392FC107}.Release|Any CPU.Build.0 = Release|Any CPU
		{DD765E4A-4230-44CA-ADB4-E8A49E253747}.Debug|Any CPU.ActiveCfg = Debug|Any CPU
		{DD765E4A-4230-44CA-ADB4-E8A49E253747}.Debug|Any CPU.Build.0 = Debug|Any CPU
		{DD765E4A-4230-44CA-ADB4-E8A49E253747}.Release|Any CPU.ActiveCfg = Release|Any CPU
		{DD765E4A-4230-44CA-ADB4-E8A49E253747}.Release|Any CPU.Build.0 = Release|Any CPU
		{8050EDCE-28B9-419F-A045-C88CFD386923}.Debug|Any CPU.ActiveCfg = Debug|Any CPU
		{8050EDCE-28B9-419F-A045-C88CFD386923}.Debug|Any CPU.Build.0 = Debug|Any CPU
		{8050EDCE-28B9-419F-A045-C88CFD386923}.Release|Any CPU.ActiveCfg = Release|Any CPU
		{8050EDCE-28B9-419F-A045-C88CFD386923}.Release|Any CPU.Build.0 = Release|Any CPU
		{1A6266D5-6676-4743-B51F-D02608FA03FF}.Debug|Any CPU.ActiveCfg = Debug|Any CPU
		{1A6266D5-6676-4743-B51F-D02608FA03FF}.Debug|Any CPU.Build.0 = Debug|Any CPU
		{1A6266D5-6676-4743-B51F-D02608FA03FF}.Release|Any CPU.ActiveCfg = Release|Any CPU
		{1A6266D5-6676-4743-B51F-D02608FA03FF}.Release|Any CPU.Build.0 = Release|Any CPU
		{318B2D24-4CD7-4C3C-A780-14DDC0D72BCD}.Debug|Any CPU.ActiveCfg = Debug|Any CPU
		{318B2D24-4CD7-4C3C-A780-14DDC0D72BCD}.Debug|Any CPU.Build.0 = Debug|Any CPU
		{318B2D24-4CD7-4C3C-A780-14DDC0D72BCD}.Release|Any CPU.ActiveCfg = Release|Any CPU
		{318B2D24-4CD7-4C3C-A780-14DDC0D72BCD}.Release|Any CPU.Build.0 = Release|Any CPU
		{61B017F5-E68C-4DB6-B072-79A7D099A956}.Debug|Any CPU.ActiveCfg = Debug|Any CPU
		{61B017F5-E68C-4DB6-B072-79A7D099A956}.Debug|Any CPU.Build.0 = Debug|Any CPU
		{61B017F5-E68C-4DB6-B072-79A7D099A956}.Release|Any CPU.ActiveCfg = Release|Any CPU
		{61B017F5-E68C-4DB6-B072-79A7D099A956}.Release|Any CPU.Build.0 = Release|Any CPU
		{31AAEF8B-F9A0-4034-B776-A3F3DD39800C}.Debug|Any CPU.ActiveCfg = Debug|Any CPU
		{31AAEF8B-F9A0-4034-B776-A3F3DD39800C}.Debug|Any CPU.Build.0 = Debug|Any CPU
		{31AAEF8B-F9A0-4034-B776-A3F3DD39800C}.Release|Any CPU.ActiveCfg = Release|Any CPU
		{31AAEF8B-F9A0-4034-B776-A3F3DD39800C}.Release|Any CPU.Build.0 = Release|Any CPU
	EndGlobalSection
	GlobalSection(SolutionProperties) = preSolution
		HideSolutionNode = FALSE
	EndGlobalSection
	GlobalSection(NestedProjects) = preSolution
		{821C6172-D20C-4A98-8DE7-FCBC392FC107} = {27D14D8B-78FD-4F9C-844E-69F4984D4B23}
		{DD765E4A-4230-44CA-ADB4-E8A49E253747} = {934C7599-FCF6-45FD-830E-18A20BE527A5}
		{8050EDCE-28B9-419F-A045-C88CFD386923} = {934C7599-FCF6-45FD-830E-18A20BE527A5}
		{C7DD581E-A989-4A02-8311-B767EB69E3B7} = {FA106544-4562-4FAD-954A-B1E6457F2E0C}
		{1A6266D5-6676-4743-B51F-D02608FA03FF} = {3177079C-7099-47C4-9E8F-41A837112C10}
		{318B2D24-4CD7-4C3C-A780-14DDC0D72BCD} = {3177079C-7099-47C4-9E8F-41A837112C10}
		{61B017F5-E68C-4DB6-B072-79A7D099A956} = {3177079C-7099-47C4-9E8F-41A837112C10}
		{31AAEF8B-F9A0-4034-B776-A3F3DD39800C} = {16C9306E-BD1D-4B81-B767-9EBF825A6C55}
	EndGlobalSection
EndGlobal
